<?xml version="1.0" encoding="utf-8"?>
<Project ToolsVersion="4.0" xmlns="http://schemas.microsoft.com/developer/msbuild/2003">
  <ItemGroup>
    <Filter Include="Source Files">
      <UniqueIdentifier>{4FC737F1-C7A5-4376-A066-2A32D752A2FF}</UniqueIdentifier>
      <Extensions>cpp;c;cc;cxx;c++;cppm;ixx;def;odl;idl;hpj;bat;asm;asmx</Extensions>
    </Filter>
    <Filter Include="Header Files">
      <UniqueIdentifier>{93995380-89BD-4b04-88EB-625FBE52EBFB}</UniqueIdentifier>
      <Extensions>h;hh;hpp;hxx;h++;hm;inl;inc;ipp;xsd</Extensions>
    </Filter>
    <Filter Include="Resource Files">
      <UniqueIdentifier>{67DA6AB6-F800-4c08-8B7A-83BB121AAD01}</UniqueIdentifier>
      <Extensions>rc;ico;cur;bmp;dlg;rc2;rct;bin;rgs;gif;jpg;jpeg;jpe;resx;tiff;tif;png;wav;mfcribbon-ms</Extensions>
    </Filter>
  </ItemGroup>
  <ItemGroup>
    <ClCompile Include="main.cpp">
      <Filter>Source Files</Filter>
    </ClCompile>
    <ClCompile Include="Conociendo la clase Mat.cpp">
      <Filter>Source Files</Filter>
    </ClCompile>
    <ClCompile Include="Uso de punteros 2.cpp">
      <Filter>Source Files</Filter>
    </ClCompile>
    <ClCompile Include="Uso de puenteros 1.cpp">
      <Filter>Source Files</Filter>
    </ClCompile>
    <ClCompile Include="..\..\CodigoEjemplosOpenCVdescomprimido\45_Realce_bordes_OpenCV\45 Realce de bordes con las OpenCV\Realce de bordes con las OpenCV.cpp">
      <Filter>Source Files</Filter>
    </ClCompile>
    <ClCompile Include="..\..\CodigoEjemplosOpenCVdescomprimido\47_Deteccion_bordes_basado_gradiente_OpenCV\Detección de bordes basado en el gradiente con las OpenCV.cpp">
      <Filter>Source Files</Filter>
    </ClCompile>
    <ClCompile Include="..\..\CodigoEjemplosOpenCVdescomprimido\49_Detector_Canny_OpenCV\El detector de Canny usando las OpenCV.cpp">
      <Filter>Source Files</Filter>
    </ClCompile>
    <ClCompile Include="..\..\CodigoEjemplosOpenCVdescomprimido\51 Deteccion_movimiento_camara_estatica\Detección de movimiento con cámara estática usando las OpenCV.cpp">
      <Filter>Source Files</Filter>
    </ClCompile>
    <ClCompile Include="..\..\CodigoEjemplosOpenCVdescomprimido\54 Detección de movimiento con optical flow usando las OpenCV\deteccionMovimientoOpticalFlowOpenCV.cpp">
      <Filter>Source Files</Filter>
    </ClCompile>
  </ItemGroup>
</Project>