<?xml version="1.0" encoding="utf-8"?>
<Project ToolsVersion="4.0" xmlns="http://schemas.microsoft.com/developer/msbuild/2003">
  <ItemGroup>
    <Filter Include="Source Files">
      <UniqueIdentifier>{4FC737F1-C7A5-4376-A066-2A32D752A2FF}</UniqueIdentifier>
      <Extensions>cpp;c;cc;cxx;c++;cppm;ixx;def;odl;idl;hpj;bat;asm;asmx</Extensions>
    </Filter>
    <Filter Include="Header Files">
      <UniqueIdentifier>{93995380-89BD-4b04-88EB-625FBE52EBFB}</UniqueIdentifier>
      <Extensions>h;hh;hpp;hxx;h++;hm;inl;inc;ipp;xsd</Extensions>
    </Filter>
    <Filter Include="Resource Files">
      <UniqueIdentifier>{67DA6AB6-F800-4c08-8B7A-83BB121AAD01}</UniqueIdentifier>
      <Extensions>rc;ico;cur;bmp;dlg;rc2;rct;bin;rgs;gif;jpg;jpeg;jpe;resx;tiff;tif;png;wav;mfcribbon-ms</Extensions>
    </Filter>
  </ItemGroup>
  <ItemGroup>
    <ClCompile Include="main.cpp">
      <Filter>Source Files</Filter>
    </ClCompile>
    <ClCompile Include="..\..\Escritura_primer_programa\13 Escritura del primer programa\Escritura del primer programa.cpp">
      <Filter>Source Files</Filter>
    </ClCompile>
    <ClCompile Include="..\..\16_Acceso_pixeles_una_imagen\16 Acceso a los píxeles de una imagen\Acceso a los píxeles de una imagen.cpp">
      <Filter>Source Files</Filter>
    </ClCompile>
    <ClCompile Include="Conociendo la clase Mat.cpp">
      <Filter>Source Files</Filter>
    </ClCompile>
    <ClCompile Include="..\..\17_Obtencion_histograma\17 Obtención del histograma\Obtención del histograma.cpp">
      <Filter>Source Files</Filter>
    </ClCompile>
    <ClCompile Include="Uso de punteros 2.cpp">
      <Filter>Source Files</Filter>
    </ClCompile>
    <ClCompile Include="Uso de puenteros 1.cpp">
      <Filter>Source Files</Filter>
    </ClCompile>
    <ClCompile Include="..\..\18_Aplicacion_LUTs\18 Aplicación de LUTs\Aplicación de LUTs.cpp">
      <Filter>Source Files</Filter>
    </ClCompile>
    <ClCompile Include="..\..\21_Espacios_color_OpenCV\21 Espacios de color con las OpenCV\Espacios de color con las OpenCV.cpp">
      <Filter>Source Files</Filter>
    </ClCompile>
    <ClCompile Include="..\..\24_Operaciones_matematicas_OpenCV\24 Operaciones matemáticas con las OpenCV\Operaciones matemáticas con las OpenCV.cpp">
      <Filter>Source Files</Filter>
    </ClCompile>
    <ClCompile Include="..\..\25_Operaciones_logicas_OpenCV\25 Operaciones lógicas con las OpenCV\Operaciones lógicas con las OpenCV.cpp">
      <Filter>Source Files</Filter>
    </ClCompile>
    <ClCompile Include="..\..\29_Ejemplo_Convolucion_imagenes_digitales_OpenCV\29_Ejemplo_Convolucion_imagenes_digitales_OpenCV\Ejemplo de Conv. de imágenes digitales con las OpenCV.cpp">
      <Filter>Source Files</Filter>
    </ClCompile>
    <ClCompile Include="..\..\32_Correlacion_imagenes_digitales_OpenCV\32_Correlacion_imagenes_digitales_OpenCV\Correlación de imágenes digitales con las OpenCV.cpp">
      <Filter>Source Files</Filter>
    </ClCompile>
    <ClCompile Include="..\..\33_Ejemplo_Correlacion_imagenes_digitales_OpenCV\33_Ejemplo_Correlacion_imagenes_digitales_OpenCV\Ejemplo de Correlación de imágenes digitales con las OpenCV.cpp">
      <Filter>Source Files</Filter>
    </ClCompile>
    <ClCompile Include="..\..\37 Ejemplo de Transformaciones geometricas\Ejemplo de Transformaciones geometricas con las OpenCV.cpp">
      <Filter>Source Files</Filter>
    </ClCompile>
    <ClCompile Include="..\..\40_Reduccion_ruido_OpenCV\40 Reducción de ruido con las OpenCV\Reducción de ruido con las OpenCV.cpp">
      <Filter>Source Files</Filter>
    </ClCompile>
    <ClCompile Include="..\..\43_Variacion_contraste_imagenes_ecualizacion_OpenCV\43 Variación del contraste en las imágenes, ecualización con las OpenCV\Variación contraste OpenCV.cpp">
      <Filter>Source Files</Filter>
    </ClCompile>
  </ItemGroup>
</Project>